
Microsoft Visual Studio Solution File, Format Version 12.00
# Visual Studio Version 17
VisualStudioVersion = 17.5.33530.505
MinimumVisualStudioVersion = 10.0.40219.1
Project("{FAE04EC0-301F-11D3-BF4B-00C04F79EFBC}") = "Parcial_SaraMelissaMarroquinVega", "Parcial_SaraMelissaMarroquinVega\Parcial_SaraMelissaMarroquinVega.csproj", "{8A1D34EC-D513-4701-B1FE-4BEA40E8BAB3}"
EndProject
Project("{FAE04EC0-301F-11D3-BF4B-00C04F79EFBC}") = "WebPages", "WebPagesAPI\WebPages\WebPages.csproj", "{253EAC02-5AF5-499D-897C-372754B6F7BA}"
EndProject
Global
	GlobalSection(SolutionConfigurationPlatforms) = preSolution
		Debug|Any CPU = Debug|Any CPU
		Release|Any CPU = Release|Any CPU
	EndGlobalSection
	GlobalSection(ProjectConfigurationPlatforms) = postSolution
		{8A1D34EC-D513-4701-B1FE-4BEA40E8BAB3}.Debug|Any CPU.ActiveCfg = Debug|Any CPU
		{8A1D34EC-D513-4701-B1FE-4BEA40E8BAB3}.Debug|Any CPU.Build.0 = Debug|Any CPU
		{8A1D34EC-D513-4701-B1FE-4BEA40E8BAB3}.Release|Any CPU.ActiveCfg = Release|Any CPU
		{8A1D34EC-D513-4701-B1FE-4BEA40E8BAB3}.Release|Any CPU.Build.0 = Release|Any CPU
		{253EAC02-5AF5-499D-897C-372754B6F7BA}.Debug|Any CPU.ActiveCfg = Debug|Any CPU
		{253EAC02-5AF5-499D-897C-372754B6F7BA}.Debug|Any CPU.Build.0 = Debug|Any CPU
		{253EAC02-5AF5-499D-897C-372754B6F7BA}.Release|Any CPU.ActiveCfg = Release|Any CPU
		{253EAC02-5AF5-499D-897C-372754B6F7BA}.Release|Any CPU.Build.0 = Release|Any CPU
	EndGlobalSection
	GlobalSection(SolutionProperties) = preSolution
		HideSolutionNode = FALSE
	EndGlobalSection
	GlobalSection(ExtensibilityGlobals) = postSolution
		SolutionGuid = {A52806E7-05CC-451F-B2C6-11AE0F10B620}
	EndGlobalSection
EndGlobal
